
Microsoft Visual Studio Solution File, Format Version 12.00
# Visual Studio Version 16
VisualStudioVersion = 16.0.32802.440
MinimumVisualStudioVersion = 10.0.40219.1
Project("{FAE04EC0-301F-11D3-BF4B-00C04F79EFBC}") = "AlugaCar", "AlugaCar\AlugaCar.csproj", "{21DF0D36-F799-4D7A-BE67-A75DB80A749A}"
EndProject
Global
	GlobalSection(SolutionConfigurationPlatforms) = preSolution
		Debug|Any CPU = Debug|Any CPU
		Release|Any CPU = Release|Any CPU
	EndGlobalSection
	GlobalSection(ProjectConfigurationPlatforms) = postSolution
		{21DF0D36-F799-4D7A-BE67-A75DB80A749A}.Debug|Any CPU.ActiveCfg = Debug|Any CPU
		{21DF0D36-F799-4D7A-BE67-A75DB80A749A}.Debug|Any CPU.Build.0 = Debug|Any CPU
		{21DF0D36-F799-4D7A-BE67-A75DB80A749A}.Release|Any CPU.ActiveCfg = Release|Any CPU
		{21DF0D36-F799-4D7A-BE67-A75DB80A749A}.Release|Any CPU.Build.0 = Release|Any CPU
	EndGlobalSection
	GlobalSection(SolutionProperties) = preSolution
		HideSolutionNode = FALSE
	EndGlobalSection
	GlobalSection(ExtensibilityGlobals) = postSolution
		SolutionGuid = {519BB53C-A338-4720-B191-913521299F72}
	EndGlobalSection
EndGlobal
